// !$*UTF8*$!
{
	archiveVersion = 1;
	classes = {
	};
	objectVersion = 46;
	objects = {

/* Begin PBXBuildFile section */
		DF1C5CB718CCCB9F00943597 /* Foundation.framework in Frameworks */ = {isa = PBXBuildFile; fileRef = DF1C5CB618CCCB9F00943597 /* Foundation.framework */; };
		DF1C5CB918CCCB9F00943597 /* CoreGraphics.framework in Frameworks */ = {isa = PBXBuildFile; fileRef = DF1C5CB818CCCB9F00943597 /* CoreGraphics.framework */; };
		DF1C5CBB18CCCB9F00943597 /* UIKit.framework in Frameworks */ = {isa = PBXBuildFile; fileRef = DF1C5CBA18CCCB9F00943597 /* UIKit.framework */; };
		DF1C5CC118CCCB9F00943597 /* InfoPlist.strings in Resources */ = {isa = PBXBuildFile; fileRef = DF1C5CBF18CCCB9F00943597 /* InfoPlist.strings */; };
		DF1C5CC318CCCB9F00943597 /* main.m in Sources */ = {isa = PBXBuildFile; fileRef = DF1C5CC218CCCB9F00943597 /* main.m */; };
		DF1C5CC718CCCB9F00943597 /* AppDelegate.m in Sources */ = {isa = PBXBuildFile; fileRef = DF1C5CC618CCCB9F00943597 /* AppDelegate.m */; };
		DF1C5CC918CCCB9F00943597 /* Images.xcassets in Resources */ = {isa = PBXBuildFile; fileRef = DF1C5CC818CCCB9F00943597 /* Images.xcassets */; };
		DF1C5CD018CCCB9F00943597 /* XCTest.framework in Frameworks */ = {isa = PBXBuildFile; fileRef = DF1C5CCF18CCCB9F00943597 /* XCTest.framework */; };
		DF1C5CD118CCCB9F00943597 /* Foundation.framework in Frameworks */ = {isa = PBXBuildFile; fileRef = DF1C5CB618CCCB9F00943597 /* Foundation.framework */; };
		DF1C5CD218CCCB9F00943597 /* UIKit.framework in Frameworks */ = {isa = PBXBuildFile; fileRef = DF1C5CBA18CCCB9F00943597 /* UIKit.framework */; };
		DF1C5CDA18CCCB9F00943597 /* InfoPlist.strings in Resources */ = {isa = PBXBuildFile; fileRef = DF1C5CD818CCCB9F00943597 /* InfoPlist.strings */; };
		DF1C5CDC18CCCB9F00943597 /* FlappyFishTests.m in Sources */ = {isa = PBXBuildFile; fileRef = DF1C5CDB18CCCB9F00943597 /* FlappyFishTests.m */; };
		DF1C5CEA18CCD03900943597 /* PhysicsObject.m in Sources */ = {isa = PBXBuildFile; fileRef = DF1C5CE918CCD03900943597 /* PhysicsObject.m */; };
		DF1C5CEF18CCDFC000943597 /* QuartzCore.framework in Frameworks */ = {isa = PBXBuildFile; fileRef = DF1C5CEE18CCDFC000943597 /* QuartzCore.framework */; };
		DF1C5CF118CCE0A900943597 /* CoreMotion.framework in Frameworks */ = {isa = PBXBuildFile; fileRef = DF1C5CF018CCE0A900943597 /* CoreMotion.framework */; };
		DF1C5CF518CCF29C00943597 /* Force.m in Sources */ = {isa = PBXBuildFile; fileRef = DF1C5CF418CCF29C00943597 /* Force.m */; };
		DF1C5CFB18CE25D400943597 /* PhysicsVector.m in Sources */ = {isa = PBXBuildFile; fileRef = DF1C5CFA18CE25D400943597 /* PhysicsVector.m */; };
		DF1C5D0018CE28C500943597 /* PhysicsObjectPosition.m in Sources */ = {isa = PBXBuildFile; fileRef = DF1C5CFF18CE28C500943597 /* PhysicsObjectPosition.m */; };
		DFC0DD0718CE4B6000EA1C71 /* MenuViewController.m in Sources */ = {isa = PBXBuildFile; fileRef = DFC0DD0618CE4B6000EA1C71 /* MenuViewController.m */; };
		DFC0DD0A18CE4B9B00EA1C71 /* PhysicsLandscape.m in Sources */ = {isa = PBXBuildFile; fileRef = DFC0DD0918CE4B9B00EA1C71 /* PhysicsLandscape.m */; };
		DFC0DD0D18CE4D2700EA1C71 /* GameViewController.m in Sources */ = {isa = PBXBuildFile; fileRef = DFC0DD0C18CE4D2700EA1C71 /* GameViewController.m */; };
		DFC0DD0F18CE4E6200EA1C71 /* gameView.xib in Resources */ = {isa = PBXBuildFile; fileRef = DFC0DD0E18CE4E6200EA1C71 /* gameView.xib */; };
/* End PBXBuildFile section */

/* Begin PBXContainerItemProxy section */
		DF1C5CD318CCCB9F00943597 /* PBXContainerItemProxy */ = {
			isa = PBXContainerItemProxy;
			containerPortal = DF1C5CAB18CCCB9F00943597 /* Project object */;
			proxyType = 1;
			remoteGlobalIDString = DF1C5CB218CCCB9F00943597;
			remoteInfo = FlappyFish;
		};
/* End PBXContainerItemProxy section */

/* Begin PBXFileReference section */
		DF1C5CB318CCCB9F00943597 /* FlappyFish.app */ = {isa = PBXFileReference; explicitFileType = wrapper.application; includeInIndex = 0; path = FlappyFish.app; sourceTree = BUILT_PRODUCTS_DIR; };
		DF1C5CB618CCCB9F00943597 /* Foundation.framework */ = {isa = PBXFileReference; lastKnownFileType = wrapper.framework; name = Foundation.framework; path = System/Library/Frameworks/Foundation.framework; sourceTree = SDKROOT; };
		DF1C5CB818CCCB9F00943597 /* CoreGraphics.framework */ = {isa = PBXFileReference; lastKnownFileType = wrapper.framework; name = CoreGraphics.framework; path = System/Library/Frameworks/CoreGraphics.framework; sourceTree = SDKROOT; };
		DF1C5CBA18CCCB9F00943597 /* UIKit.framework */ = {isa = PBXFileReference; lastKnownFileType = wrapper.framework; name = UIKit.framework; path = System/Library/Frameworks/UIKit.framework; sourceTree = SDKROOT; };
		DF1C5CBE18CCCB9F00943597 /* FlappyFish-Info.plist */ = {isa = PBXFileReference; lastKnownFileType = text.plist.xml; path = "FlappyFish-Info.plist"; sourceTree = "<group>"; };
		DF1C5CC018CCCB9F00943597 /* en */ = {isa = PBXFileReference; lastKnownFileType = text.plist.strings; name = en; path = en.lproj/InfoPlist.strings; sourceTree = "<group>"; };
		DF1C5CC218CCCB9F00943597 /* main.m */ = {isa = PBXFileReference; lastKnownFileType = sourcecode.c.objc; path = main.m; sourceTree = "<group>"; };
		DF1C5CC418CCCB9F00943597 /* FlappyFish-Prefix.pch */ = {isa = PBXFileReference; lastKnownFileType = sourcecode.c.h; path = "FlappyFish-Prefix.pch"; sourceTree = "<group>"; };
		DF1C5CC518CCCB9F00943597 /* AppDelegate.h */ = {isa = PBXFileReference; lastKnownFileType = sourcecode.c.h; path = AppDelegate.h; sourceTree = "<group>"; };
		DF1C5CC618CCCB9F00943597 /* AppDelegate.m */ = {isa = PBXFileReference; lastKnownFileType = sourcecode.c.objc; path = AppDelegate.m; sourceTree = "<group>"; };
		DF1C5CC818CCCB9F00943597 /* Images.xcassets */ = {isa = PBXFileReference; lastKnownFileType = folder.assetcatalog; path = Images.xcassets; sourceTree = "<group>"; };
		DF1C5CCE18CCCB9F00943597 /* FlappyFishTests.xctest */ = {isa = PBXFileReference; explicitFileType = wrapper.cfbundle; includeInIndex = 0; path = FlappyFishTests.xctest; sourceTree = BUILT_PRODUCTS_DIR; };
		DF1C5CCF18CCCB9F00943597 /* XCTest.framework */ = {isa = PBXFileReference; lastKnownFileType = wrapper.framework; name = XCTest.framework; path = Library/Frameworks/XCTest.framework; sourceTree = DEVELOPER_DIR; };
		DF1C5CD718CCCB9F00943597 /* FlappyFishTests-Info.plist */ = {isa = PBXFileReference; lastKnownFileType = text.plist.xml; path = "FlappyFishTests-Info.plist"; sourceTree = "<group>"; };
		DF1C5CD918CCCB9F00943597 /* en */ = {isa = PBXFileReference; lastKnownFileType = text.plist.strings; name = en; path = en.lproj/InfoPlist.strings; sourceTree = "<group>"; };
		DF1C5CDB18CCCB9F00943597 /* FlappyFishTests.m */ = {isa = PBXFileReference; lastKnownFileType = sourcecode.c.objc; path = FlappyFishTests.m; sourceTree = "<group>"; };
		DF1C5CE818CCD03900943597 /* PhysicsObject.h */ = {isa = PBXFileReference; fileEncoding = 4; lastKnownFileType = sourcecode.c.h; path = PhysicsObject.h; sourceTree = "<group>"; };
		DF1C5CE918CCD03900943597 /* PhysicsObject.m */ = {isa = PBXFileReference; fileEncoding = 4; lastKnownFileType = sourcecode.c.objc; path = PhysicsObject.m; sourceTree = "<group>"; };
		DF1C5CEE18CCDFC000943597 /* QuartzCore.framework */ = {isa = PBXFileReference; lastKnownFileType = wrapper.framework; name = QuartzCore.framework; path = System/Library/Frameworks/QuartzCore.framework; sourceTree = SDKROOT; };
		DF1C5CF018CCE0A900943597 /* CoreMotion.framework */ = {isa = PBXFileReference; lastKnownFileType = wrapper.framework; name = CoreMotion.framework; path = System/Library/Frameworks/CoreMotion.framework; sourceTree = SDKROOT; };
		DF1C5CF318CCF29C00943597 /* Force.h */ = {isa = PBXFileReference; fileEncoding = 4; lastKnownFileType = sourcecode.c.h; path = Force.h; sourceTree = "<group>"; };
		DF1C5CF418CCF29C00943597 /* Force.m */ = {isa = PBXFileReference; fileEncoding = 4; lastKnownFileType = sourcecode.c.objc; path = Force.m; sourceTree = "<group>"; };
		DF1C5CF918CE25D400943597 /* PhysicsVector.h */ = {isa = PBXFileReference; fileEncoding = 4; lastKnownFileType = sourcecode.c.h; path = PhysicsVector.h; sourceTree = "<group>"; };
		DF1C5CFA18CE25D400943597 /* PhysicsVector.m */ = {isa = PBXFileReference; fileEncoding = 4; lastKnownFileType = sourcecode.c.objc; path = PhysicsVector.m; sourceTree = "<group>"; };
		DF1C5CFD18CE26AF00943597 /* PhysicsEngineHeader.h */ = {isa = PBXFileReference; lastKnownFileType = sourcecode.c.h; path = PhysicsEngineHeader.h; sourceTree = "<group>"; };
		DF1C5CFE18CE28C500943597 /* PhysicsObjectPosition.h */ = {isa = PBXFileReference; fileEncoding = 4; lastKnownFileType = sourcecode.c.h; path = PhysicsObjectPosition.h; sourceTree = "<group>"; };
		DF1C5CFF18CE28C500943597 /* PhysicsObjectPosition.m */ = {isa = PBXFileReference; fileEncoding = 4; lastKnownFileType = sourcecode.c.objc; path = PhysicsObjectPosition.m; sourceTree = "<group>"; };
		DFC0DD0518CE4B6000EA1C71 /* MenuViewController.h */ = {isa = PBXFileReference; fileEncoding = 4; lastKnownFileType = sourcecode.c.h; path = MenuViewController.h; sourceTree = "<group>"; };
		DFC0DD0618CE4B6000EA1C71 /* MenuViewController.m */ = {isa = PBXFileReference; fileEncoding = 4; lastKnownFileType = sourcecode.c.objc; path = MenuViewController.m; sourceTree = "<group>"; };
		DFC0DD0818CE4B9B00EA1C71 /* PhysicsLandscape.h */ = {isa = PBXFileReference; fileEncoding = 4; lastKnownFileType = sourcecode.c.h; path = PhysicsLandscape.h; sourceTree = "<group>"; };
		DFC0DD0918CE4B9B00EA1C71 /* PhysicsLandscape.m */ = {isa = PBXFileReference; fileEncoding = 4; lastKnownFileType = sourcecode.c.objc; path = PhysicsLandscape.m; sourceTree = "<group>"; };
		DFC0DD0B18CE4D2700EA1C71 /* GameViewController.h */ = {isa = PBXFileReference; fileEncoding = 4; lastKnownFileType = sourcecode.c.h; path = GameViewController.h; sourceTree = "<group>"; };
		DFC0DD0C18CE4D2700EA1C71 /* GameViewController.m */ = {isa = PBXFileReference; fileEncoding = 4; lastKnownFileType = sourcecode.c.objc; path = GameViewController.m; sourceTree = "<group>"; };
		DFC0DD0E18CE4E6200EA1C71 /* gameView.xib */ = {isa = PBXFileReference; fileEncoding = 4; lastKnownFileType = file.xib; path = gameView.xib; sourceTree = "<group>"; };
/* End PBXFileReference section */

/* Begin PBXFrameworksBuildPhase section */
		DF1C5CB018CCCB9F00943597 /* Frameworks */ = {
			isa = PBXFrameworksBuildPhase;
			buildActionMask = 2147483647;
			files = (
				DF1C5CF118CCE0A900943597 /* CoreMotion.framework in Frameworks */,
				DF1C5CEF18CCDFC000943597 /* QuartzCore.framework in Frameworks */,
				DF1C5CB918CCCB9F00943597 /* CoreGraphics.framework in Frameworks */,
				DF1C5CBB18CCCB9F00943597 /* UIKit.framework in Frameworks */,
				DF1C5CB718CCCB9F00943597 /* Foundation.framework in Frameworks */,
			);
			runOnlyForDeploymentPostprocessing = 0;
		};
		DF1C5CCB18CCCB9F00943597 /* Frameworks */ = {
			isa = PBXFrameworksBuildPhase;
			buildActionMask = 2147483647;
			files = (
				DF1C5CD018CCCB9F00943597 /* XCTest.framework in Frameworks */,
				DF1C5CD218CCCB9F00943597 /* UIKit.framework in Frameworks */,
				DF1C5CD118CCCB9F00943597 /* Foundation.framework in Frameworks */,
			);
			runOnlyForDeploymentPostprocessing = 0;
		};
/* End PBXFrameworksBuildPhase section */

/* Begin PBXGroup section */
		DF1C5CAA18CCCB9F00943597 = {
			isa = PBXGroup;
			children = (
				DF1C5CBC18CCCB9F00943597 /* FlappyFish */,
				DF1C5CD518CCCB9F00943597 /* FlappyFishTests */,
				DF1C5CB518CCCB9F00943597 /* Frameworks */,
				DF1C5CB418CCCB9F00943597 /* Products */,
			);
			sourceTree = "<group>";
		};
		DF1C5CB418CCCB9F00943597 /* Products */ = {
			isa = PBXGroup;
			children = (
				DF1C5CB318CCCB9F00943597 /* FlappyFish.app */,
				DF1C5CCE18CCCB9F00943597 /* FlappyFishTests.xctest */,
			);
			name = Products;
			sourceTree = "<group>";
		};
		DF1C5CB518CCCB9F00943597 /* Frameworks */ = {
			isa = PBXGroup;
			children = (
				DF1C5CF018CCE0A900943597 /* CoreMotion.framework */,
				DF1C5CEE18CCDFC000943597 /* QuartzCore.framework */,
				DF1C5CB618CCCB9F00943597 /* Foundation.framework */,
				DF1C5CB818CCCB9F00943597 /* CoreGraphics.framework */,
				DF1C5CBA18CCCB9F00943597 /* UIKit.framework */,
				DF1C5CCF18CCCB9F00943597 /* XCTest.framework */,
			);
			name = Frameworks;
			sourceTree = "<group>";
		};
		DF1C5CBC18CCCB9F00943597 /* FlappyFish */ = {
			isa = PBXGroup;
			children = (
				DFC0DD0318CE4B3C00EA1C71 /* Menu View Controller */,
				DFC0DD0418CE4B4B00EA1C71 /* Game View Controller */,
				DF1C5CF218CCEBA900943597 /* PhysicsEngine */,
				DF1C5CC518CCCB9F00943597 /* AppDelegate.h */,
				DF1C5CC618CCCB9F00943597 /* AppDelegate.m */,
				DF1C5CC818CCCB9F00943597 /* Images.xcassets */,
				DF1C5CBD18CCCB9F00943597 /* Supporting Files */,
			);
			path = FlappyFish;
			sourceTree = "<group>";
		};
		DF1C5CBD18CCCB9F00943597 /* Supporting Files */ = {
			isa = PBXGroup;
			children = (
				DF1C5CBE18CCCB9F00943597 /* FlappyFish-Info.plist */,
				DF1C5CBF18CCCB9F00943597 /* InfoPlist.strings */,
				DF1C5CC218CCCB9F00943597 /* main.m */,
				DF1C5CC418CCCB9F00943597 /* FlappyFish-Prefix.pch */,
			);
			name = "Supporting Files";
			sourceTree = "<group>";
		};
		DF1C5CD518CCCB9F00943597 /* FlappyFishTests */ = {
			isa = PBXGroup;
			children = (
				DF1C5CDB18CCCB9F00943597 /* FlappyFishTests.m */,
				DF1C5CD618CCCB9F00943597 /* Supporting Files */,
			);
			path = FlappyFishTests;
			sourceTree = "<group>";
		};
		DF1C5CD618CCCB9F00943597 /* Supporting Files */ = {
			isa = PBXGroup;
			children = (
				DF1C5CD718CCCB9F00943597 /* FlappyFishTests-Info.plist */,
				DF1C5CD818CCCB9F00943597 /* InfoPlist.strings */,
			);
			name = "Supporting Files";
			sourceTree = "<group>";
		};
		DF1C5CF218CCEBA900943597 /* PhysicsEngine */ = {
			isa = PBXGroup;
			children = (
				DF1C5CFD18CE26AF00943597 /* PhysicsEngineHeader.h */,
				DF1C5CE818CCD03900943597 /* PhysicsObject.h */,
				DF1C5CE918CCD03900943597 /* PhysicsObject.m */,
				DF1C5CF318CCF29C00943597 /* Force.h */,
				DF1C5CF418CCF29C00943597 /* Force.m */,
				DF1C5CF918CE25D400943597 /* PhysicsVector.h */,
				DF1C5CFA18CE25D400943597 /* PhysicsVector.m */,
				DF1C5CFE18CE28C500943597 /* PhysicsObjectPosition.h */,
				DF1C5CFF18CE28C500943597 /* PhysicsObjectPosition.m */,
				DFC0DD0818CE4B9B00EA1C71 /* PhysicsLandscape.h */,
				DFC0DD0918CE4B9B00EA1C71 /* PhysicsLandscape.m */,
			);
			name = PhysicsEngine;
			sourceTree = "<group>";
		};
		DFC0DD0318CE4B3C00EA1C71 /* Menu View Controller */ = {
			isa = PBXGroup;
			children = (
				DFC0DD0518CE4B6000EA1C71 /* MenuViewController.h */,
				DFC0DD0618CE4B6000EA1C71 /* MenuViewController.m */,
			);
			name = "Menu View Controller";
			sourceTree = "<group>";
		};
		DFC0DD0418CE4B4B00EA1C71 /* Game View Controller */ = {
			isa = PBXGroup;
			children = (
				DFC0DD0B18CE4D2700EA1C71 /* GameViewController.h */,
				DFC0DD0C18CE4D2700EA1C71 /* GameViewController.m */,
				DFC0DD0E18CE4E6200EA1C71 /* gameView.xib */,
			);
			name = "Game View Controller";
			sourceTree = "<group>";
		};
/* End PBXGroup section */

/* Begin PBXNativeTarget section */
		DF1C5CB218CCCB9F00943597 /* FlappyFish */ = {
			isa = PBXNativeTarget;
			buildConfigurationList = DF1C5CDF18CCCB9F00943597 /* Build configuration list for PBXNativeTarget "FlappyFish" */;
			buildPhases = (
				DF1C5CAF18CCCB9F00943597 /* Sources */,
				DF1C5CB018CCCB9F00943597 /* Frameworks */,
				DF1C5CB118CCCB9F00943597 /* Resources */,
			);
			buildRules = (
			);
			dependencies = (
			);
			name = FlappyFish;
			productName = FlappyFish;
			productReference = DF1C5CB318CCCB9F00943597 /* FlappyFish.app */;
			productType = "com.apple.product-type.application";
		};
		DF1C5CCD18CCCB9F00943597 /* FlappyFishTests */ = {
			isa = PBXNativeTarget;
			buildConfigurationList = DF1C5CE218CCCB9F00943597 /* Build configuration list for PBXNativeTarget "FlappyFishTests" */;
			buildPhases = (
				DF1C5CCA18CCCB9F00943597 /* Sources */,
				DF1C5CCB18CCCB9F00943597 /* Frameworks */,
				DF1C5CCC18CCCB9F00943597 /* Resources */,
			);
			buildRules = (
			);
			dependencies = (
				DF1C5CD418CCCB9F00943597 /* PBXTargetDependency */,
			);
			name = FlappyFishTests;
			productName = FlappyFishTests;
			productReference = DF1C5CCE18CCCB9F00943597 /* FlappyFishTests.xctest */;
			productType = "com.apple.product-type.bundle.unit-test";
		};
/* End PBXNativeTarget section */

/* Begin PBXProject section */
		DF1C5CAB18CCCB9F00943597 /* Project object */ = {
			isa = PBXProject;
			attributes = {
				LastUpgradeCheck = 0500;
				ORGANIZATIONNAME = anders;
				TargetAttributes = {
					DF1C5CCD18CCCB9F00943597 = {
						TestTargetID = DF1C5CB218CCCB9F00943597;
					};
				};
			};
			buildConfigurationList = DF1C5CAE18CCCB9F00943597 /* Build configuration list for PBXProject "FlappyFish" */;
			compatibilityVersion = "Xcode 3.2";
			developmentRegion = English;
			hasScannedForEncodings = 0;
			knownRegions = (
				en,
			);
			mainGroup = DF1C5CAA18CCCB9F00943597;
			productRefGroup = DF1C5CB418CCCB9F00943597 /* Products */;
			projectDirPath = "";
			projectRoot = "";
			targets = (
				DF1C5CB218CCCB9F00943597 /* FlappyFish */,
				DF1C5CCD18CCCB9F00943597 /* FlappyFishTests */,
			);
		};
/* End PBXProject section */

/* Begin PBXResourcesBuildPhase section */
		DF1C5CB118CCCB9F00943597 /* Resources */ = {
			isa = PBXResourcesBuildPhase;
			buildActionMask = 2147483647;
			files = (
				DF1C5CC118CCCB9F00943597 /* InfoPlist.strings in Resources */,
				DF1C5CC918CCCB9F00943597 /* Images.xcassets in Resources */,
				DFC0DD0F18CE4E6200EA1C71 /* gameView.xib in Resources */,
			);
			runOnlyForDeploymentPostprocessing = 0;
		};
		DF1C5CCC18CCCB9F00943597 /* Resources */ = {
			isa = PBXResourcesBuildPhase;
			buildActionMask = 2147483647;
			files = (
				DF1C5CDA18CCCB9F00943597 /* InfoPlist.strings in Resources */,
			);
			runOnlyForDeploymentPostprocessing = 0;
		};
/* End PBXResourcesBuildPhase section */

/* Begin PBXSourcesBuildPhase section */
		DF1C5CAF18CCCB9F00943597 /* Sources */ = {
			isa = PBXSourcesBuildPhase;
			buildActionMask = 2147483647;
			files = (
				DFC0DD0D18CE4D2700EA1C71 /* GameViewController.m in Sources */,
				DF1C5CFB18CE25D400943597 /* PhysicsVector.m in Sources */,
				DF1C5CEA18CCD03900943597 /* PhysicsObject.m in Sources */,
				DF1C5D0018CE28C500943597 /* PhysicsObjectPosition.m in Sources */,
				DFC0DD0A18CE4B9B00EA1C71 /* PhysicsLandscape.m in Sources */,
				DFC0DD0718CE4B6000EA1C71 /* MenuViewController.m in Sources */,
				DF1C5CC718CCCB9F00943597 /* AppDelegate.m in Sources */,
				DF1C5CF518CCF29C00943597 /* Force.m in Sources */,
				DF1C5CC318CCCB9F00943597 /* main.m in Sources */,
			);
			runOnlyForDeploymentPostprocessing = 0;
		};
		DF1C5CCA18CCCB9F00943597 /* Sources */ = {
			isa = PBXSourcesBuildPhase;
			buildActionMask = 2147483647;
			files = (
				DF1C5CDC18CCCB9F00943597 /* FlappyFishTests.m in Sources */,
			);
			runOnlyForDeploymentPostprocessing = 0;
		};
/* End PBXSourcesBuildPhase section */

/* Begin PBXTargetDependency section */
		DF1C5CD418CCCB9F00943597 /* PBXTargetDependency */ = {
			isa = PBXTargetDependency;
			target = DF1C5CB218CCCB9F00943597 /* FlappyFish */;
			targetProxy = DF1C5CD318CCCB9F00943597 /* PBXContainerItemProxy */;
		};
/* End PBXTargetDependency section */

/* Begin PBXVariantGroup section */
		DF1C5CBF18CCCB9F00943597 /* InfoPlist.strings */ = {
			isa = PBXVariantGroup;
			children = (
				DF1C5CC018CCCB9F00943597 /* en */,
			);
			name = InfoPlist.strings;
			sourceTree = "<group>";
		};
		DF1C5CD818CCCB9F00943597 /* InfoPlist.strings */ = {
			isa = PBXVariantGroup;
			children = (
				DF1C5CD918CCCB9F00943597 /* en */,
			);
			name = InfoPlist.strings;
			sourceTree = "<group>";
		};
/* End PBXVariantGroup section */

/* Begin XCBuildConfiguration section */
		DF1C5CDD18CCCB9F00943597 /* Debug */ = {
			isa = XCBuildConfiguration;
			buildSettings = {
				ALWAYS_SEARCH_USER_PATHS = NO;
				ARCHS = "$(ARCHS_STANDARD_INCLUDING_64_BIT)";
				CLANG_CXX_LANGUAGE_STANDARD = "gnu++0x";
				CLANG_CXX_LIBRARY = "libc++";
				CLANG_ENABLE_MODULES = YES;
				CLANG_ENABLE_OBJC_ARC = YES;
				CLANG_WARN_BOOL_CONVERSION = YES;
				CLANG_WARN_CONSTANT_CONVERSION = YES;
				CLANG_WARN_DIRECT_OBJC_ISA_USAGE = YES_ERROR;
				CLANG_WARN_EMPTY_BODY = YES;
				CLANG_WARN_ENUM_CONVERSION = YES;
				CLANG_WARN_INT_CONVERSION = YES;
				CLANG_WARN_OBJC_ROOT_CLASS = YES_ERROR;
				CLANG_WARN__DUPLICATE_METHOD_MATCH = YES;
				"CODE_SIGN_IDENTITY[sdk=iphoneos*]" = "iPhone Developer";
				COPY_PHASE_STRIP = NO;
				GCC_C_LANGUAGE_STANDARD = gnu99;
				GCC_DYNAMIC_NO_PIC = NO;
				GCC_OPTIMIZATION_LEVEL = 0;
				GCC_PREPROCESSOR_DEFINITIONS = (
					"DEBUG=1",
					"$(inherited)",
				);
				GCC_SYMBOLS_PRIVATE_EXTERN = NO;
				GCC_WARN_64_TO_32_BIT_CONVERSION = YES;
				GCC_WARN_ABOUT_RETURN_TYPE = YES_ERROR;
				GCC_WARN_UNDECLARED_SELECTOR = YES;
				GCC_WARN_UNINITIALIZED_AUTOS = YES;
				GCC_WARN_UNUSED_FUNCTION = YES;
				GCC_WARN_UNUSED_VARIABLE = YES;
				IPHONEOS_DEPLOYMENT_TARGET = 7.0;
				ONLY_ACTIVE_ARCH = YES;
				SDKROOT = iphoneos;
				TARGETED_DEVICE_FAMILY = 2;
			};
			name = Debug;
		};
		DF1C5CDE18CCCB9F00943597 /* Release */ = {
			isa = XCBuildConfiguration;
			buildSettings = {
				ALWAYS_SEARCH_USER_PATHS = NO;
				ARCHS = "$(ARCHS_STANDARD_INCLUDING_64_BIT)";
				CLANG_CXX_LANGUAGE_STANDARD = "gnu++0x";
				CLANG_CXX_LIBRARY = "libc++";
				CLANG_ENABLE_MODULES = YES;
				CLANG_ENABLE_OBJC_ARC = YES;
				CLANG_WARN_BOOL_CONVERSION = YES;
				CLANG_WARN_CONSTANT_CONVERSION = YES;
				CLANG_WARN_DIRECT_OBJC_ISA_USAGE = YES_ERROR;
				CLANG_WARN_EMPTY_BODY = YES;
				CLANG_WARN_ENUM_CONVERSION = YES;
				CLANG_WARN_INT_CONVERSION = YES;
				CLANG_WARN_OBJC_ROOT_CLASS = YES_ERROR;
				CLANG_WARN__DUPLICATE_METHOD_MATCH = YES;
				"CODE_SIGN_IDENTITY[sdk=iphoneos*]" = "iPhone Developer";
				COPY_PHASE_STRIP = YES;
				ENABLE_NS_ASSERTIONS = NO;
				GCC_C_LANGUAGE_STANDARD = gnu99;
				GCC_WARN_64_TO_32_BIT_CONVERSION = YES;
				GCC_WARN_ABOUT_RETURN_TYPE = YES_ERROR;
				GCC_WARN_UNDECLARED_SELECTOR = YES;
				GCC_WARN_UNINITIALIZED_AUTOS = YES;
				GCC_WARN_UNUSED_FUNCTION = YES;
				GCC_WARN_UNUSED_VARIABLE = YES;
				IPHONEOS_DEPLOYMENT_TARGET = 7.0;
				SDKROOT = iphoneos;
				TARGETED_DEVICE_FAMILY = 2;
				VALIDATE_PRODUCT = YES;
			};
			name = Release;
		};
		DF1C5CE018CCCB9F00943597 /* Debug */ = {
			isa = XCBuildConfiguration;
			buildSettings = {
				ASSETCATALOG_COMPILER_APPICON_NAME = AppIcon;
				ASSETCATALOG_COMPILER_LAUNCHIMAGE_NAME = LaunchImage;
				GCC_PRECOMPILE_PREFIX_HEADER = YES;
				GCC_PREFIX_HEADER = "FlappyFish/FlappyFish-Prefix.pch";
				INFOPLIST_FILE = "FlappyFish/FlappyFish-Info.plist";
				PRODUCT_NAME = "$(TARGET_NAME)";
				TARGETED_DEVICE_FAMILY = 1;
				WRAPPER_EXTENSION = app;
			};
			name = Debug;
		};
		DF1C5CE118CCCB9F00943597 /* Release */ = {
			isa = XCBuildConfiguration;
			buildSettings = {
				ASSETCATALOG_COMPILER_APPICON_NAME = AppIcon;
				ASSETCATALOG_COMPILER_LAUNCHIMAGE_NAME = LaunchImage;
				GCC_PRECOMPILE_PREFIX_HEADER = YES;
				GCC_PREFIX_HEADER = "FlappyFish/FlappyFish-Prefix.pch";
				INFOPLIST_FILE = "FlappyFish/FlappyFish-Info.plist";
				PRODUCT_NAME = "$(TARGET_NAME)";
				TARGETED_DEVICE_FAMILY = 1;
				WRAPPER_EXTENSION = app;
			};
			name = Release;
		};
		DF1C5CE318CCCB9F00943597 /* Debug */ = {
			isa = XCBuildConfiguration;
			buildSettings = {
				ARCHS = "$(ARCHS_STANDARD_INCLUDING_64_BIT)";
				BUNDLE_LOADER = "$(BUILT_PRODUCTS_DIR)/FlappyFish.app/FlappyFish";
				FRAMEWORK_SEARCH_PATHS = (
					"$(SDKROOT)/Developer/Library/Frameworks",
					"$(inherited)",
					"$(DEVELOPER_FRAMEWORKS_DIR)",
				);
				GCC_PRECOMPILE_PREFIX_HEADER = YES;
				GCC_PREFIX_HEADER = "FlappyFish/FlappyFish-Prefix.pch";
				GCC_PREPROCESSOR_DEFINITIONS = (
					"DEBUG=1",
					"$(inherited)",
				);
				INFOPLIST_FILE = "FlappyFishTests/FlappyFishTests-Info.plist";
				PRODUCT_NAME = "$(TARGET_NAME)";
				TEST_HOST = "$(BUNDLE_LOADER)";
				WRAPPER_EXTENSION = xctest;
			};
			name = Debug;
		};
		DF1C5CE418CCCB9F00943597 /* Release */ = {
			isa = XCBuildConfiguration;
			buildSettings = {
				ARCHS = "$(ARCHS_STANDARD_INCLUDING_64_BIT)";
				BUNDLE_LOADER = "$(BUILT_PRODUCTS_DIR)/FlappyFish.app/FlappyFish";
				FRAMEWORK_SEARCH_PATHS = (
					"$(SDKROOT)/Developer/Library/Frameworks",
					"$(inherited)",
					"$(DEVELOPER_FRAMEWORKS_DIR)",
				);
				GCC_PRECOMPILE_PREFIX_HEADER = YES;
				GCC_PREFIX_HEADER = "FlappyFish/FlappyFish-Prefix.pch";
				INFOPLIST_FILE = "FlappyFishTests/FlappyFishTests-Info.plist";
				PRODUCT_NAME = "$(TARGET_NAME)";
				TEST_HOST = "$(BUNDLE_LOADER)";
				WRAPPER_EXTENSION = xctest;
			};
			name = Release;
		};
/* End XCBuildConfiguration section */

/* Begin XCConfigurationList section */
		DF1C5CAE18CCCB9F00943597 /* Build configuration list for PBXProject "FlappyFish" */ = {
			isa = XCConfigurationList;
			buildConfigurations = (
				DF1C5CDD18CCCB9F00943597 /* Debug */,
				DF1C5CDE18CCCB9F00943597 /* Release */,
			);
			defaultConfigurationIsVisible = 0;
			defaultConfigurationName = Release;
		};
		DF1C5CDF18CCCB9F00943597 /* Build configuration list for PBXNativeTarget "FlappyFish" */ = {
			isa = XCConfigurationList;
			buildConfigurations = (
				DF1C5CE018CCCB9F00943597 /* Debug */,
				DF1C5CE118CCCB9F00943597 /* Release */,
			);
			defaultConfigurationIsVisible = 0;
			defaultConfigurationName = Release;
		};
		DF1C5CE218CCCB9F00943597 /* Build configuration list for PBXNativeTarget "FlappyFishTests" */ = {
			isa = XCConfigurationList;
			buildConfigurations = (
				DF1C5CE318CCCB9F00943597 /* Debug */,
				DF1C5CE418CCCB9F00943597 /* Release */,
			);
			defaultConfigurationIsVisible = 0;
			defaultConfigurationName = Release;
		};
/* End XCConfigurationList section */
	};
	rootObject = DF1C5CAB18CCCB9F00943597 /* Project object */;
}
